
Microsoft Visual Studio Solution File, Format Version 12.00
# Visual Studio Version 17
VisualStudioVersion = 17.14.36310.24
MinimumVisualStudioVersion = 10.0.40219.1
Project("{FAE04EC0-301F-11D3-BF4B-00C04F79EFBC}") = "App10.Api", "App10.Api\App10.Api.csproj", "{57F39F35-0229-4DAA-8617-06E9B98F7E18}"
EndProject
Global
	GlobalSection(SolutionConfigurationPlatforms) = preSolution
		Debug|Any CPU = Debug|Any CPU
		Release|Any CPU = Release|Any CPU
	EndGlobalSection
	GlobalSection(ProjectConfigurationPlatforms) = postSolution
		{57F39F35-0229-4DAA-8617-06E9B98F7E18}.Debug|Any CPU.ActiveCfg = Debug|Any CPU
		{57F39F35-0229-4DAA-8617-06E9B98F7E18}.Debug|Any CPU.Build.0 = Debug|Any CPU
		{57F39F35-0229-4DAA-8617-06E9B98F7E18}.Release|Any CPU.ActiveCfg = Release|Any CPU
		{57F39F35-0229-4DAA-8617-06E9B98F7E18}.Release|Any CPU.Build.0 = Release|Any CPU
	EndGlobalSection
	GlobalSection(SolutionProperties) = preSolution
		HideSolutionNode = FALSE
	EndGlobalSection
	GlobalSection(ExtensibilityGlobals) = postSolution
		SolutionGuid = {908F98A4-F281-44DF-90AE-6F923F26022D}
	EndGlobalSection
EndGlobal
